
Microsoft Visual Studio Solution File, Format Version 12.00
# Visual Studio 15
VisualStudioVersion = 15.0.28307.271
MinimumVisualStudioVersion = 10.0.40219.1
Project("{FAE04EC0-301F-11D3-BF4B-00C04F79EFBC}") = "OpenWeb.Core", "OpenWeb.Core\OpenWeb.Core.csproj", "{8122EB1C-4DC9-46CB-9AAC-9D02C9F0D756}"
EndProject
Project("{FAE04EC0-301F-11D3-BF4B-00C04F79EFBC}") = "Examples", "Examples\Examples.csproj", "{684953A9-B07C-4BEE-9626-52C16C3CA272}"
EndProject
Global
	GlobalSection(SolutionConfigurationPlatforms) = preSolution
		Debug|Any CPU = Debug|Any CPU
		Release|Any CPU = Release|Any CPU
	EndGlobalSection
	GlobalSection(ProjectConfigurationPlatforms) = postSolution
		{8122EB1C-4DC9-46CB-9AAC-9D02C9F0D756}.Debug|Any CPU.ActiveCfg = Debug|Any CPU
		{8122EB1C-4DC9-46CB-9AAC-9D02C9F0D756}.Debug|Any CPU.Build.0 = Debug|Any CPU
		{8122EB1C-4DC9-46CB-9AAC-9D02C9F0D756}.Release|Any CPU.ActiveCfg = Release|Any CPU
		{8122EB1C-4DC9-46CB-9AAC-9D02C9F0D756}.Release|Any CPU.Build.0 = Release|Any CPU
		{684953A9-B07C-4BEE-9626-52C16C3CA272}.Debug|Any CPU.ActiveCfg = Debug|Any CPU
		{684953A9-B07C-4BEE-9626-52C16C3CA272}.Debug|Any CPU.Build.0 = Debug|Any CPU
		{684953A9-B07C-4BEE-9626-52C16C3CA272}.Release|Any CPU.ActiveCfg = Release|Any CPU
		{684953A9-B07C-4BEE-9626-52C16C3CA272}.Release|Any CPU.Build.0 = Release|Any CPU
	EndGlobalSection
	GlobalSection(SolutionProperties) = preSolution
		HideSolutionNode = FALSE
	EndGlobalSection
	GlobalSection(ExtensibilityGlobals) = postSolution
		SolutionGuid = {AD99B7DD-E22F-440F-80E6-850E96678D31}
	EndGlobalSection
EndGlobal
